<?xml version="1.0" encoding="utf-8"?>
<Project ToolsVersion="4.0" xmlns="http://schemas.microsoft.com/developer/msbuild/2003">
  <ItemGroup>
    <ClCompile Include="base\StageCircle.cpp" />
    <ClCompile Include="collision\Collision.cpp" />
    <ClCompile Include="ease\Easing.cpp" />
    <ClCompile Include="effect\AttackEffect.cpp" />
    <ClCompile Include="Effect\BreakEffect.cpp" />
    <ClCompile Include="effect\Emitter.cpp" />
    <ClCompile Include="effect\MoveEffect.cpp" />
    <ClCompile Include="End\End.cpp" />
    <ClCompile Include="enemy\Enemy.cpp" />
    <ClCompile Include="main.cpp" />
    <ClCompile Include="math\Vector2.cpp" />
    <ClCompile Include="math\Vector3.cpp" />
    <ClCompile Include="player\Player.cpp" />
    <ClCompile Include="scene\SceneManager.cpp" />
    <ClCompile Include="score\Score.cpp" />
    <ClCompile Include="Title\Title.cpp" />
    <ClCompile Include="Tutorial\Tutorial.cpp" />
    <ClCompile Include="effect\StopEffect.cpp" />
    <ClCompile Include="effect\TimeEffect.cpp" />
  </ItemGroup>
  <ItemGroup>
    <ClInclude Include="base\Share.h" />
    <ClInclude Include="base\StageCircle.h" />
    <ClInclude Include="collision\Collision.h" />
    <ClInclude Include="ease\Easing.h" />
    <ClInclude Include="effect\AttackEffect.h" />
    <ClInclude Include="Effect\BreakEffect.h" />
    <ClInclude Include="effect\Emitter.h" />
    <ClInclude Include="effect\MoveEffect.h" />
    <ClInclude Include="End\End.h" />
    <ClInclude Include="enemy\Enemy.h" />
    <ClInclude Include="math\Vector2.h" />
    <ClInclude Include="math\Vector3.h" />
    <ClInclude Include="player\Player.h" />
    <ClInclude Include="scene\SceneManager.h" />
    <ClInclude Include="score\Score.h" />
    <ClInclude Include="Title\Title.h" />
    <ClInclude Include="Tutorial\Tutorial.h" />
    <ClInclude Include="effect\StopEffect.h" />
    <ClInclude Include="effect\TimeEffect.h" />
  </ItemGroup>
  <ItemGroup>
    <ResourceCompile Include="Resources\icon.rc" />
  </ItemGroup>
</Project>